Microsoft Visual Studio Solution File, Format Version 12.00
# Visual Studio Version 17
VisualStudioVersion = 17.0.31903.59
MinimumVisualStudioVersion = 10.0.40219.1

# Core Domain
Project("{FAE04EC0-301F-11D3-BF4B-00C04F79EFBC}") = "LogStream.Domain", "src\LogStream.Domain\LogStream.Domain.csproj", "{A1B2C3D4-E5F6-7G8H-9I0J-K1L2M3N4O5P6}"
EndProject

# Application Layer
Project("{FAE04EC0-301F-11D3-BF4B-00C04F79EFBC}") = "LogStream.Application", "src\LogStream.Application\LogStream.Application.csproj", "{B2C3D4E5-F6G7-8H9I-0J1K-L2M3N4O5P6Q7}"
EndProject

# Infrastructure
Project("{FAE04EC0-301F-11D3-BF4B-00C04F79EFBC}") = "LogStream.Infrastructure", "src\LogStream.Infrastructure\LogStream.Infrastructure.csproj", "{C3D4E5F6-G7H8-9I0J-1K2L-M3N4O5P6Q7R8}"
EndProject

# API Projects
Project("{FAE04EC0-301F-11D3-BF4B-00C04F79EFBC}") = "LogStream.Api", "src\LogStream.Api\LogStream.Api.csproj", "{D4E5F6G7-H8I9-0J1K-2L3M-N4O5P6Q7R8S9}"
EndProject

Project("{FAE04EC0-301F-11D3-BF4B-00C04F79EFBC}") = "LogStream.Grpc", "src\LogStream.Grpc\LogStream.Grpc.csproj", "{E5F6G7H8-I9J0-1K2L-3M4N-O5P6Q7R8S9T0}"
EndProject

# Web UI
Project("{FAE04EC0-301F-11D3-BF4B-00C04F79EFBC}") = "LogStream.Web", "src\LogStream.Web\LogStream.Web.csproj", "{F6G7H8I9-J0K1-2L3M-4N5O-P6Q7R8S9T0U1}"
EndProject

# Processing Services
Project("{FAE04EC0-301F-11D3-BF4B-00C04F79EFBC}") = "LogStream.Functions", "src\LogStream.Functions\LogStream.Functions.csproj", "{G7H8I9J0-K1L2-3M4N-5O6P-Q7R8S9T0U1V2}"
EndProject

Project("{FAE04EC0-301F-11D3-BF4B-00C04F79EFBC}") = "LogStream.Processing", "src\LogStream.Processing\LogStream.Processing.csproj", "{H8I9J0K1-L2M3-4N5O-6P7Q-R8S9T0U1V2W3}"
EndProject

# Shared Libraries
Project("{FAE04EC0-301F-11D3-BF4B-00C04F79EFBC}") = "LogStream.Shared", "src\LogStream.Shared\LogStream.Shared.csproj", "{I9J0K1L2-M3N4-5O6P-7Q8R-S9T0U1V2W3X4}"
EndProject

Project("{FAE04EC0-301F-11D3-BF4B-00C04F79EFBC}") = "LogStream.Contracts", "src\LogStream.Contracts\LogStream.Contracts.csproj", "{J0K1L2M3-N4O5-6P7Q-8R9S-T0U1V2W3X4Y5}"
EndProject

# Tests
Project("{FAE04EC0-301F-11D3-BF4B-00C04F79EFBC}") = "LogStream.Domain.Tests", "tests\LogStream.Domain.Tests\LogStream.Domain.Tests.csproj", "{K1L2M3N4-O5P6-7Q8R-9S0T-U1V2W3X4Y5Z6}"
EndProject

Project("{FAE04EC0-301F-11D3-BF4B-00C04F79EFBC}") = "LogStream.Application.Tests", "tests\LogStream.Application.Tests\LogStream.Application.Tests.csproj", "{L2M3N4O5-P6Q7-8R9S-0T1U-V2W3X4Y5Z6A7}"
EndProject

Project("{FAE04EC0-301F-11D3-BF4B-00C04F79EFBC}") = "LogStream.Infrastructure.Tests", "tests\LogStream.Infrastructure.Tests\LogStream.Infrastructure.Tests.csproj", "{M3N4O5P6-Q7R8-9S0T-1U2V-W3X4Y5Z6A7B8}"
EndProject

Project("{FAE04EC0-301F-11D3-BF4B-00C04F79EFBC}") = "LogStream.Integration.Tests", "tests\LogStream.Integration.Tests\LogStream.Integration.Tests.csproj", "{N4O5P6Q7-R8S9-0T1U-2V3W-X4Y5Z6A7B8C9}"
EndProject

Project("{FAE04EC0-301F-11D3-BF4B-00C04F79EFBC}") = "LogStream.Performance.Tests", "tests\LogStream.Performance.Tests\LogStream.Performance.Tests.csproj", "{O5P6Q7R8-S9T0-1U2V-3W4X-Y5Z6A7B8C9D0}"
EndProject

# Solution Folders
Project("{2150E333-8FDC-42A3-9474-1A3956D46DE8}") = "src", "src", "{F0000000-0000-0000-0000-000000000001}"
EndProject

Project("{2150E333-8FDC-42A3-9474-1A3956D46DE8}") = "tests", "tests", "{F0000000-0000-0000-0000-000000000002}"
EndProject

Project("{2150E333-8FDC-42A3-9474-1A3956D46DE8}") = "docs", "docs", "{F0000000-0000-0000-0000-000000000003}"
EndProject

Project("{2150E333-8FDC-42A3-9474-1A3956D46DE8}") = "infrastructure", "infrastructure", "{F0000000-0000-0000-0000-000000000004}"
EndProject

Project("{2150E333-8FDC-42A3-9474-1A3956D46DE8}") = "scripts", "scripts", "{F0000000-0000-0000-0000-000000000005}"
EndProject

Global
	GlobalSection(SolutionConfigurationPlatforms) = preSolution
		Debug|Any CPU = Debug|Any CPU
		Release|Any CPU = Release|Any CPU
	EndGlobalSection
	GlobalSection(ProjectConfigurationPlatforms) = postSolution
		{A1B2C3D4-E5F6-7G8H-9I0J-K1L2M3N4O5P6}.Debug|Any CPU.ActiveCfg = Debug|Any CPU
		{A1B2C3D4-E5F6-7G8H-9I0J-K1L2M3N4O5P6}.Debug|Any CPU.Build.0 = Debug|Any CPU
		{A1B2C3D4-E5F6-7G8H-9I0J-K1L2M3N4O5P6}.Release|Any CPU.ActiveCfg = Release|Any CPU
		{A1B2C3D4-E5F6-7G8H-9I0J-K1L2M3N4O5P6}.Release|Any CPU.Build.0 = Release|Any CPU
		{B2C3D4E5-F6G7-8H9I-0J1K-L2M3N4O5P6Q7}.Debug|Any CPU.ActiveCfg = Debug|Any CPU
		{B2C3D4E5-F6G7-8H9I-0J1K-L2M3N4O5P6Q7}.Debug|Any CPU.Build.0 = Debug|Any CPU
		{B2C3D4E5-F6G7-8H9I-0J1K-L2M3N4O5P6Q7}.Release|Any CPU.ActiveCfg = Release|Any CPU
		{B2C3D4E5-F6G7-8H9I-0J1K-L2M3N4O5P6Q7}.Release|Any CPU.Build.0 = Release|Any CPU
		{C3D4E5F6-G7H8-9I0J-1K2L-M3N4O5P6Q7R8}.Debug|Any CPU.ActiveCfg = Debug|Any CPU
		{C3D4E5F6-G7H8-9I0J-1K2L-M3N4O5P6Q7R8}.Debug|Any CPU.Build.0 = Debug|Any CPU
		{C3D4E5F6-G7H8-9I0J-1K2L-M3N4O5P6Q7R8}.Release|Any CPU.ActiveCfg = Release|Any CPU
		{C3D4E5F6-G7H8-9I0J-1K2L-M3N4O5P6Q7R8}.Release|Any CPU.Build.0 = Release|Any CPU
		{D4E5F6G7-H8I9-0J1K-2L3M-N4O5P6Q7R8S9}.Debug|Any CPU.ActiveCfg = Debug|Any CPU
		{D4E5F6G7-H8I9-0J1K-2L3M-N4O5P6Q7R8S9}.Debug|Any CPU.Build.0 = Debug|Any CPU
		{D4E5F6G7-H8I9-0J1K-2L3M-N4O5P6Q7R8S9}.Release|Any CPU.ActiveCfg = Release|Any CPU
		{D4E5F6G7-H8I9-0J1K-2L3M-N4O5P6Q7R8S9}.Release|Any CPU.Build.0 = Release|Any CPU
		{E5F6G7H8-I9J0-1K2L-3M4N-O5P6Q7R8S9T0}.Debug|Any CPU.ActiveCfg = Debug|Any CPU
		{E5F6G7H8-I9J0-1K2L-3M4N-O5P6Q7R8S9T0}.Debug|Any CPU.Build.0 = Debug|Any CPU
		{E5F6G7H8-I9J0-1K2L-3M4N-O5P6Q7R8S9T0}.Release|Any CPU.ActiveCfg = Release|Any CPU
		{E5F6G7H8-I9J0-1K2L-3M4N-O5P6Q7R8S9T0}.Release|Any CPU.Build.0 = Release|Any CPU
		{F6G7H8I9-J0K1-2L3M-4N5O-P6Q7R8S9T0U1}.Debug|Any CPU.ActiveCfg = Debug|Any CPU
		{F6G7H8I9-J0K1-2L3M-4N5O-P6Q7R8S9T0U1}.Debug|Any CPU.Build.0 = Debug|Any CPU
		{F6G7H8I9-J0K1-2L3M-4N5O-P6Q7R8S9T0U1}.Release|Any CPU.ActiveCfg = Release|Any CPU
		{F6G7H8I9-J0K1-2L3M-4N5O-P6Q7R8S9T0U1}.Release|Any CPU.Build.0 = Release|Any CPU
		{G7H8I9J0-K1L2-3M4N-5O6P-Q7R8S9T0U1V2}.Debug|Any CPU.ActiveCfg = Debug|Any CPU
		{G7H8I9J0-K1L2-3M4N-5O6P-Q7R8S9T0U1V2}.Debug|Any CPU.Build.0 = Debug|Any CPU
		{G7H8I9J0-K1L2-3M4N-5O6P-Q7R8S9T0U1V2}.Release|Any CPU.ActiveCfg = Release|Any CPU
		{G7H8I9J0-K1L2-3M4N-5O6P-Q7R8S9T0U1V2}.Release|Any CPU.Build.0 = Release|Any CPU
		{H8I9J0K1-L2M3-4N5O-6P7Q-R8S9T0U1V2W3}.Debug|Any CPU.ActiveCfg = Debug|Any CPU
		{H8I9J0K1-L2M3-4N5O-6P7Q-R8S9T0U1V2W3}.Debug|Any CPU.Build.0 = Debug|Any CPU
		{H8I9J0K1-L2M3-4N5O-6P7Q-R8S9T0U1V2W3}.Release|Any CPU.ActiveCfg = Release|Any CPU
		{H8I9J0K1-L2M3-4N5O-6P7Q-R8S9T0U1V2W3}.Release|Any CPU.Build.0 = Release|Any CPU
		{I9J0K1L2-M3N4-5O6P-7Q8R-S9T0U1V2W3X4}.Debug|Any CPU.ActiveCfg = Debug|Any CPU
		{I9J0K1L2-M3N4-5O6P-7Q8R-S9T0U1V2W3X4}.Debug|Any CPU.Build.0 = Debug|Any CPU
		{I9J0K1L2-M3N4-5O6P-7Q8R-S9T0U1V2W3X4}.Release|Any CPU.ActiveCfg = Release|Any CPU
		{I9J0K1L2-M3N4-5O6P-7Q8R-S9T0U1V2W3X4}.Release|Any CPU.Build.0 = Release|Any CPU
		{J0K1L2M3-N4O5-6P7Q-8R9S-T0U1V2W3X4Y5}.Debug|Any CPU.ActiveCfg = Debug|Any CPU
		{J0K1L2M3-N4O5-6P7Q-8R9S-T0U1V2W3X4Y5}.Debug|Any CPU.Build.0 = Debug|Any CPU
		{J0K1L2M3-N4O5-6P7Q-8R9S-T0U1V2W3X4Y5}.Release|Any CPU.ActiveCfg = Release|Any CPU
		{J0K1L2M3-N4O5-6P7Q-8R9S-T0U1V2W3X4Y5}.Release|Any CPU.Build.0 = Release|Any CPU
		{K1L2M3N4-O5P6-7Q8R-9S0T-U1V2W3X4Y5Z6}.Debug|Any CPU.ActiveCfg = Debug|Any CPU
		{K1L2M3N4-O5P6-7Q8R-9S0T-U1V2W3X4Y5Z6}.Debug|Any CPU.Build.0 = Debug|Any CPU
		{K1L2M3N4-O5P6-7Q8R-9S0T-U1V2W3X4Y5Z6}.Release|Any CPU.ActiveCfg = Release|Any CPU
		{K1L2M3N4-O5P6-7Q8R-9S0T-U1V2W3X4Y5Z6}.Release|Any CPU.Build.0 = Release|Any CPU
		{L2M3N4O5-P6Q7-8R9S-0T1U-V2W3X4Y5Z6A7}.Debug|Any CPU.ActiveCfg = Debug|Any CPU
		{L2M3N4O5-P6Q7-8R9S-0T1U-V2W3X4Y5Z6A7}.Debug|Any CPU.Build.0 = Debug|Any CPU
		{L2M3N4O5-P6Q7-8R9S-0T1U-V2W3X4Y5Z6A7}.Release|Any CPU.ActiveCfg = Release|Any CPU
		{L2M3N4O5-P6Q7-8R9S-0T1U-V2W3X4Y5Z6A7}.Release|Any CPU.Build.0 = Release|Any CPU
		{M3N4O5P6-Q7R8-9S0T-1U2V-W3X4Y5Z6A7B8}.Debug|Any CPU.ActiveCfg = Debug|Any CPU
		{M3N4O5P6-Q7R8-9S0T-1U2V-W3X4Y5Z6A7B8}.Debug|Any CPU.Build.0 = Debug|Any CPU
		{M3N4O5P6-Q7R8-9S0T-1U2V-W3X4Y5Z6A7B8}.Release|Any CPU.ActiveCfg = Release|Any CPU
		{M3N4O5P6-Q7R8-9S0T-1U2V-W3X4Y5Z6A7B8}.Release|Any CPU.Build.0 = Release|Any CPU
		{N4O5P6Q7-R8S9-0T1U-2V3W-X4Y5Z6A7B8C9}.Debug|Any CPU.ActiveCfg = Debug|Any CPU
		{N4O5P6Q7-R8S9-0T1U-2V3W-X4Y5Z6A7B8C9}.Debug|Any CPU.Build.0 = Debug|Any CPU
		{N4O5P6Q7-R8S9-0T1U-2V3W-X4Y5Z6A7B8C9}.Release|Any CPU.ActiveCfg = Release|Any CPU
		{N4O5P6Q7-R8S9-0T1U-2V3W-X4Y5Z6A7B8C9}.Release|Any CPU.Build.0 = Release|Any CPU
		{O5P6Q7R8-S9T0-1U2V-3W4X-Y5Z6A7B8C9D0}.Debug|Any CPU.ActiveCfg = Debug|Any CPU
		{O5P6Q7R8-S9T0-1U2V-3W4X-Y5Z6A7B8C9D0}.Debug|Any CPU.Build.0 = Debug|Any CPU
		{O5P6Q7R8-S9T0-1U2V-3W4X-Y5Z6A7B8C9D0}.Release|Any CPU.ActiveCfg = Release|Any CPU
		{O5P6Q7R8-S9T0-1U2V-3W4X-Y5Z6A7B8C9D0}.Release|Any CPU.Build.0 = Release|Any CPU
	EndGlobalSection
	GlobalSection(NestedProjects) = preSolution
		{A1B2C3D4-E5F6-7G8H-9I0J-K1L2M3N4O5P6} = {F0000000-0000-0000-0000-000000000001}
		{B2C3D4E5-F6G7-8H9I-0J1K-L2M3N4O5P6Q7} = {F0000000-0000-0000-0000-000000000001}
		{C3D4E5F6-G7H8-9I0J-1K2L-M3N4O5P6Q7R8} = {F0000000-0000-0000-0000-000000000001}
		{D4E5F6G7-H8I9-0J1K-2L3M-N4O5P6Q7R8S9} = {F0000000-0000-0000-0000-000000000001}
		{E5F6G7H8-I9J0-1K2L-3M4N-O5P6Q7R8S9T0} = {F0000000-0000-0000-0000-000000000001}
		{F6G7H8I9-J0K1-2L3M-4N5O-P6Q7R8S9T0U1} = {F0000000-0000-0000-0000-000000000001}
		{G7H8I9J0-K1L2-3M4N-5O6P-Q7R8S9T0U1V2} = {F0000000-0000-0000-0000-000000000001}
		{H8I9J0K1-L2M3-4N5O-6P7Q-R8S9T0U1V2W3} = {F0000000-0000-0000-0000-000000000001}
		{I9J0K1L2-M3N4-5O6P-7Q8R-S9T0U1V2W3X4} = {F0000000-0000-0000-0000-000000000001}
		{J0K1L2M3-N4O5-6P7Q-8R9S-T0U1V2W3X4Y5} = {F0000000-0000-0000-0000-000000000001}
		{K1L2M3N4-O5P6-7Q8R-9S0T-U1V2W3X4Y5Z6} = {F0000000-0000-0000-0000-000000000002}
		{L2M3N4O5-P6Q7-8R9S-0T1U-V2W3X4Y5Z6A7} = {F0000000-0000-0000-0000-000000000002}
		{M3N4O5P6-Q7R8-9S0T-1U2V-W3X4Y5Z6A7B8} = {F0000000-0000-0000-0000-000000000002}
		{N4O5P6Q7-R8S9-0T1U-2V3W-X4Y5Z6A7B8C9} = {F0000000-0000-0000-0000-000000000002}
		{O5P6Q7R8-S9T0-1U2V-3W4X-Y5Z6A7B8C9D0} = {F0000000-0000-0000-0000-000000000002}
	EndGlobalSection
EndGlobal